// !$*UTF8*$!
{
	archiveVersion = 1;
	classes = {
	};
	objectVersion = 46;
	objects = {

/* Begin PBXBuildFile section */
		223535D01C65D89D0002E254 /* AppDelegate.swift in Sources */ = {isa = PBXBuildFile; fileRef = 223535CF1C65D89D0002E254 /* AppDelegate.swift */; };
		223535D51C65D89D0002E254 /* Main.storyboard in Resources */ = {isa = PBXBuildFile; fileRef = 223535D31C65D89D0002E254 /* Main.storyboard */; };
		223535DA1C65D89D0002E254 /* LaunchScreen.storyboard in Resources */ = {isa = PBXBuildFile; fileRef = 223535D81C65D89D0002E254 /* LaunchScreen.storyboard */; };
		223535E21C65E1E70002E254 /* MoviesViewController.swift in Sources */ = {isa = PBXBuildFile; fileRef = 223535E11C65E1E70002E254 /* MoviesViewController.swift */; };
		223535E51C6674D70002E254 /* MovieCell.swift in Sources */ = {isa = PBXBuildFile; fileRef = 223535E41C6674D70002E254 /* MovieCell.swift */; };
		2266FFBB1C668FE500CCBAA4 /* DetailViewController.swift in Sources */ = {isa = PBXBuildFile; fileRef = 2266FFBA1C668FE500CCBAA4 /* DetailViewController.swift */; };
		22AC076F1C66AA510078E38E /* Assets.xcassets in Resources */ = {isa = PBXBuildFile; fileRef = 22AC076E1C66AA510078E38E /* Assets.xcassets */; };
		363440A8C7CEE7FC00043E46 /* Pods_MoviesViewer.framework in Frameworks */ = {isa = PBXBuildFile; fileRef = 03AAFE7F462D1EB58F5B85AA /* Pods_MoviesViewer.framework */; };
/* End PBXBuildFile section */

/* Begin PBXFileReference section */
		03AAFE7F462D1EB58F5B85AA /* Pods_MoviesViewer.framework */ = {isa = PBXFileReference; explicitFileType = wrapper.framework; includeInIndex = 0; path = Pods_MoviesViewer.framework; sourceTree = BUILT_PRODUCTS_DIR; };
		223535CC1C65D89D0002E254 /* MoviesViewer.app */ = {isa = PBXFileReference; explicitFileType = wrapper.application; includeInIndex = 0; path = MoviesViewer.app; sourceTree = BUILT_PRODUCTS_DIR; };
		223535CF1C65D89D0002E254 /* AppDelegate.swift */ = {isa = PBXFileReference; lastKnownFileType = sourcecode.swift; path = AppDelegate.swift; sourceTree = "<group>"; };
		223535D41C65D89D0002E254 /* Base */ = {isa = PBXFileReference; lastKnownFileType = file.storyboard; name = Base; path = Base.lproj/Main.storyboard; sourceTree = "<group>"; };
		223535D91C65D89D0002E254 /* Base */ = {isa = PBXFileReference; lastKnownFileType = file.storyboard; name = Base; path = Base.lproj/LaunchScreen.storyboard; sourceTree = "<group>"; };
		223535DB1C65D89D0002E254 /* Info.plist */ = {isa = PBXFileReference; lastKnownFileType = text.plist.xml; path = Info.plist; sourceTree = "<group>"; };
		223535E11C65E1E70002E254 /* MoviesViewController.swift */ = {isa = PBXFileReference; fileEncoding = 4; lastKnownFileType = sourcecode.swift; path = MoviesViewController.swift; sourceTree = "<group>"; };
		223535E41C6674D70002E254 /* MovieCell.swift */ = {isa = PBXFileReference; fileEncoding = 4; lastKnownFileType = sourcecode.swift; path = MovieCell.swift; sourceTree = "<group>"; };
		2266FFBA1C668FE500CCBAA4 /* DetailViewController.swift */ = {isa = PBXFileReference; fileEncoding = 4; lastKnownFileType = sourcecode.swift; path = DetailViewController.swift; sourceTree = "<group>"; };
		22AC076E1C66AA510078E38E /* Assets.xcassets */ = {isa = PBXFileReference; lastKnownFileType = folder.assetcatalog; path = Assets.xcassets; sourceTree = "<group>"; };
		3EBA0E6646CD5B0F3ED79C89 /* Pods-MoviesViewer.release.xcconfig */ = {isa = PBXFileReference; includeInIndex = 1; lastKnownFileType = text.xcconfig; name = "Pods-MoviesViewer.release.xcconfig"; path = "Pods/Target Support Files/Pods-MoviesViewer/Pods-MoviesViewer.release.xcconfig"; sourceTree = "<group>"; };
		8D38EB2B7F7EE5394EE8AC6A /* Pods-MoviesViewer.debug.xcconfig */ = {isa = PBXFileReference; includeInIndex = 1; lastKnownFileType = text.xcconfig; name = "Pods-MoviesViewer.debug.xcconfig"; path = "Pods/Target Support Files/Pods-MoviesViewer/Pods-MoviesViewer.debug.xcconfig"; sourceTree = "<group>"; };
/* End PBXFileReference section */

/* Begin PBXFrameworksBuildPhase section */
		223535C91C65D89D0002E254 /* Frameworks */ = {
			isa = PBXFrameworksBuildPhase;
			buildActionMask = 2147483647;
			files = (
				363440A8C7CEE7FC00043E46 /* Pods_MoviesViewer.framework in Frameworks */,
			);
			runOnlyForDeploymentPostprocessing = 0;
		};
/* End PBXFrameworksBuildPhase section */

/* Begin PBXGroup section */
		223535C31C65D89D0002E254 = {
			isa = PBXGroup;
			children = (
				223535CE1C65D89D0002E254 /* MoviesViewer */,
				223535CD1C65D89D0002E254 /* Products */,
				BB60A74D3E7E17128A2331D0 /* Pods */,
				65F71F52E911FC88D7B6BB71 /* Frameworks */,
			);
			sourceTree = "<group>";
		};
		223535CD1C65D89D0002E254 /* Products */ = {
			isa = PBXGroup;
			children = (
				223535CC1C65D89D0002E254 /* MoviesViewer.app */,
			);
			name = Products;
			sourceTree = "<group>";
		};
		223535CE1C65D89D0002E254 /* MoviesViewer */ = {
			isa = PBXGroup;
			children = (
				223535E61C6674E70002E254 /* ViewControllers */,
				223535E31C6674AF0002E254 /* Views */,
				223535CF1C65D89D0002E254 /* AppDelegate.swift */,
				22AC076E1C66AA510078E38E /* Assets.xcassets */,
				223535D31C65D89D0002E254 /* Main.storyboard */,
				223535D81C65D89D0002E254 /* LaunchScreen.storyboard */,
				223535DB1C65D89D0002E254 /* Info.plist */,
			);
			path = MoviesViewer;
			sourceTree = "<group>";
		};
		223535E31C6674AF0002E254 /* Views */ = {
			isa = PBXGroup;
			children = (
				223535E41C6674D70002E254 /* MovieCell.swift */,
			);
			name = Views;
			sourceTree = "<group>";
		};
		223535E61C6674E70002E254 /* ViewControllers */ = {
			isa = PBXGroup;
			children = (
				223535E11C65E1E70002E254 /* MoviesViewController.swift */,
				2266FFBA1C668FE500CCBAA4 /* DetailViewController.swift */,
			);
			name = ViewControllers;
			sourceTree = "<group>";
		};
		65F71F52E911FC88D7B6BB71 /* Frameworks */ = {
			isa = PBXGroup;
			children = (
				03AAFE7F462D1EB58F5B85AA /* Pods_MoviesViewer.framework */,
			);
			name = Frameworks;
			sourceTree = "<group>";
		};
		BB60A74D3E7E17128A2331D0 /* Pods */ = {
			isa = PBXGroup;
			children = (
				8D38EB2B7F7EE5394EE8AC6A /* Pods-MoviesViewer.debug.xcconfig */,
				3EBA0E6646CD5B0F3ED79C89 /* Pods-MoviesViewer.release.xcconfig */,
			);
			name = Pods;
			sourceTree = "<group>";
		};
/* End PBXGroup section */

/* Begin PBXNativeTarget section */
		223535CB1C65D89D0002E254 /* MoviesViewer */ = {
			isa = PBXNativeTarget;
			buildConfigurationList = 223535DE1C65D89D0002E254 /* Build configuration list for PBXNativeTarget "MoviesViewer" */;
			buildPhases = (
				4896ED211545B1CF3506A560 /* Check Pods Manifest.lock */,
				223535C81C65D89D0002E254 /* Sources */,
				223535C91C65D89D0002E254 /* Frameworks */,
				223535CA1C65D89D0002E254 /* Resources */,
				74C1CDB646E8500BC00B1007 /* Embed Pods Frameworks */,
				858C1CF2679AAC4AE539A7E4 /* Copy Pods Resources */,
			);
			buildRules = (
			);
			dependencies = (
			);
			name = MoviesViewer;
			productName = MoviesViewer;
			productReference = 223535CC1C65D89D0002E254 /* MoviesViewer.app */;
			productType = "com.apple.product-type.application";
		};
/* End PBXNativeTarget section */

/* Begin PBXProject section */
		223535C41C65D89D0002E254 /* Project object */ = {
			isa = PBXProject;
			attributes = {
				LastSwiftUpdateCheck = 0720;
				LastUpgradeCheck = 0720;
				ORGANIZATIONNAME = "Michael R. Bock";
				TargetAttributes = {
					223535CB1C65D89D0002E254 = {
						CreatedOnToolsVersion = 7.2;
						DevelopmentTeam = J488GRFKPU;
					};
				};
			};
			buildConfigurationList = 223535C71C65D89D0002E254 /* Build configuration list for PBXProject "MoviesViewer" */;
			compatibilityVersion = "Xcode 3.2";
			developmentRegion = English;
			hasScannedForEncodings = 0;
			knownRegions = (
				en,
				Base,
			);
			mainGroup = 223535C31C65D89D0002E254;
			productRefGroup = 223535CD1C65D89D0002E254 /* Products */;
			projectDirPath = "";
			projectRoot = "";
			targets = (
				223535CB1C65D89D0002E254 /* MoviesViewer */,
			);
		};
/* End PBXProject section */

/* Begin PBXResourcesBuildPhase section */
		223535CA1C65D89D0002E254 /* Resources */ = {
			isa = PBXResourcesBuildPhase;
			buildActionMask = 2147483647;
			files = (
				223535DA1C65D89D0002E254 /* LaunchScreen.storyboard in Resources */,
				22AC076F1C66AA510078E38E /* Assets.xcassets in Resources */,
				223535D51C65D89D0002E254 /* Main.storyboard in Resources */,
			);
			runOnlyForDeploymentPostprocessing = 0;
		};
/* End PBXResourcesBuildPhase section */

/* Begin PBXShellScriptBuildPhase section */
		4896ED211545B1CF3506A560 /* Check Pods Manifest.lock */ = {
			isa = PBXShellScriptBuildPhase;
			buildActionMask = 2147483647;
			files = (
			);
			inputPaths = (
			);
			name = "Check Pods Manifest.lock";
			outputPaths = (
			);
			runOnlyForDeploymentPostprocessing = 0;
			shellPath = /bin/sh;
			shellScript = "diff \"${PODS_ROOT}/../Podfile.lock\" \"${PODS_ROOT}/Manifest.lock\" > /dev/null\nif [[ $? != 0 ]] ; then\n    cat << EOM\nerror: The sandbox is not in sync with the Podfile.lock. Run 'pod install' or update your CocoaPods installation.\nEOM\n    exit 1\nfi\n";
			showEnvVarsInLog = 0;
		};
		74C1CDB646E8500BC00B1007 /* Embed Pods Frameworks */ = {
			isa = PBXShellScriptBuildPhase;
			buildActionMask = 2147483647;
			files = (
			);
			inputPaths = (
			);
			name = "Embed Pods Frameworks";
			outputPaths = (
			);
			runOnlyForDeploymentPostprocessing = 0;
			shellPath = /bin/sh;
			shellScript = "\"${SRCROOT}/Pods/Target Support Files/Pods-MoviesViewer/Pods-MoviesViewer-frameworks.sh\"\n";
			showEnvVarsInLog = 0;
		};
		858C1CF2679AAC4AE539A7E4 /* Copy Pods Resources */ = {
			isa = PBXShellScriptBuildPhase;
			buildActionMask = 2147483647;
			files = (
			);
			inputPaths = (
			);
			name = "Copy Pods Resources";
			outputPaths = (
			);
			runOnlyForDeploymentPostprocessing = 0;
			shellPath = /bin/sh;
			shellScript = "\"${SRCROOT}/Pods/Target Support Files/Pods-MoviesViewer/Pods-MoviesViewer-resources.sh\"\n";
			showEnvVarsInLog = 0;
		};
/* End PBXShellScriptBuildPhase section */

/* Begin PBXSourcesBuildPhase section */
		223535C81C65D89D0002E254 /* Sources */ = {
			isa = PBXSourcesBuildPhase;
			buildActionMask = 2147483647;
			files = (
				223535D01C65D89D0002E254 /* AppDelegate.swift in Sources */,
				223535E21C65E1E70002E254 /* MoviesViewController.swift in Sources */,
				223535E51C6674D70002E254 /* MovieCell.swift in Sources */,
				2266FFBB1C668FE500CCBAA4 /* DetailViewController.swift in Sources */,
			);
			runOnlyForDeploymentPostprocessing = 0;
		};
/* End PBXSourcesBuildPhase section */

/* Begin PBXVariantGroup section */
		223535D31C65D89D0002E254 /* Main.storyboard */ = {
			isa = PBXVariantGroup;
			children = (
				223535D41C65D89D0002E254 /* Base */,
			);
			name = Main.storyboard;
			sourceTree = "<group>";
		};
		223535D81C65D89D0002E254 /* LaunchScreen.storyboard */ = {
			isa = PBXVariantGroup;
			children = (
				223535D91C65D89D0002E254 /* Base */,
			);
			name = LaunchScreen.storyboard;
			sourceTree = "<group>";
		};
/* End PBXVariantGroup section */

/* Begin XCBuildConfiguration section */
		223535DC1C65D89D0002E254 /* Debug */ = {
			isa = XCBuildConfiguration;
			buildSettings = {
				ALWAYS_SEARCH_USER_PATHS = NO;
				CLANG_CXX_LANGUAGE_STANDARD = "gnu++0x";
				CLANG_CXX_LIBRARY = "libc++";
				CLANG_ENABLE_MODULES = YES;
				CLANG_ENABLE_OBJC_ARC = YES;
				CLANG_WARN_BOOL_CONVERSION = YES;
				CLANG_WARN_CONSTANT_CONVERSION = YES;
				CLANG_WARN_DIRECT_OBJC_ISA_USAGE = YES_ERROR;
				CLANG_WARN_EMPTY_BODY = YES;
				CLANG_WARN_ENUM_CONVERSION = YES;
				CLANG_WARN_INT_CONVERSION = YES;
				CLANG_WARN_OBJC_ROOT_CLASS = YES_ERROR;
				CLANG_WARN_UNREACHABLE_CODE = YES;
				CLANG_WARN__DUPLICATE_METHOD_MATCH = YES;
				"CODE_SIGN_IDENTITY[sdk=iphoneos*]" = "iPhone Developer";
				COPY_PHASE_STRIP = NO;
				DEBUG_INFORMATION_FORMAT = dwarf;
				ENABLE_STRICT_OBJC_MSGSEND = YES;
				ENABLE_TESTABILITY = YES;
				GCC_C_LANGUAGE_STANDARD = gnu99;
				GCC_DYNAMIC_NO_PIC = NO;
				GCC_NO_COMMON_BLOCKS = YES;
				GCC_OPTIMIZATION_LEVEL = 0;
				GCC_PREPROCESSOR_DEFINITIONS = (
					"DEBUG=1",
					"$(inherited)",
				);
				GCC_WARN_64_TO_32_BIT_CONVERSION = YES;
				GCC_WARN_ABOUT_RETURN_TYPE = YES_ERROR;
				GCC_WARN_UNDECLARED_SELECTOR = YES;
				GCC_WARN_UNINITIALIZED_AUTOS = YES_AGGRESSIVE;
				GCC_WARN_UNUSED_FUNCTION = YES;
				GCC_WARN_UNUSED_VARIABLE = YES;
				IPHONEOS_DEPLOYMENT_TARGET = 9.2;
				MTL_ENABLE_DEBUG_INFO = YES;
				ONLY_ACTIVE_ARCH = YES;
				SDKROOT = iphoneos;
				SWIFT_OPTIMIZATION_LEVEL = "-Onone";
			};
			name = Debug;
		};
		223535DD1C65D89D0002E254 /* Release */ = {
			isa = XCBuildConfiguration;
			buildSettings = {
				ALWAYS_SEARCH_USER_PATHS = NO;
				CLANG_CXX_LANGUAGE_STANDARD = "gnu++0x";
				CLANG_CXX_LIBRARY = "libc++";
				CLANG_ENABLE_MODULES = YES;
				CLANG_ENABLE_OBJC_ARC = YES;
				CLANG_WARN_BOOL_CONVERSION = YES;
				CLANG_WARN_CONSTANT_CONVERSION = YES;
				CLANG_WARN_DIRECT_OBJC_ISA_USAGE = YES_ERROR;
				CLANG_WARN_EMPTY_BODY = YES;
				CLANG_WARN_ENUM_CONVERSION = YES;
				CLANG_WARN_INT_CONVERSION = YES;
				CLANG_WARN_OBJC_ROOT_CLASS = YES_ERROR;
				CLANG_WARN_UNREACHABLE_CODE = YES;
				CLANG_WARN__DUPLICATE_METHOD_MATCH = YES;
				"CODE_SIGN_IDENTITY[sdk=iphoneos*]" = "iPhone Developer";
				COPY_PHASE_STRIP = NO;
				DEBUG_INFORMATION_FORMAT = "dwarf-with-dsym";
				ENABLE_NS_ASSERTIONS = NO;
				ENABLE_STRICT_OBJC_MSGSEND = YES;
				GCC_C_LANGUAGE_STANDARD = gnu99;
				GCC_NO_COMMON_BLOCKS = YES;
				GCC_WARN_64_TO_32_BIT_CONVERSION = YES;
				GCC_WARN_ABOUT_RETURN_TYPE = YES_ERROR;
				GCC_WARN_UNDECLARED_SELECTOR = YES;
				GCC_WARN_UNINITIALIZED_AUTOS = YES_AGGRESSIVE;
				GCC_WARN_UNUSED_FUNCTION = YES;
				GCC_WARN_UNUSED_VARIABLE = YES;
				IPHONEOS_DEPLOYMENT_TARGET = 9.2;
				MTL_ENABLE_DEBUG_INFO = NO;
				SDKROOT = iphoneos;
				VALIDATE_PRODUCT = YES;
			};
			name = Release;
		};
		223535DF1C65D89D0002E254 /* Debug */ = {
			isa = XCBuildConfiguration;
			baseConfigurationReference = 8D38EB2B7F7EE5394EE8AC6A /* Pods-MoviesViewer.debug.xcconfig */;
			buildSettings = {
				ASSETCATALOG_COMPILER_APPICON_NAME = AppIcon;
				INFOPLIST_FILE = MoviesViewer/Info.plist;
				LD_RUNPATH_SEARCH_PATHS = "$(inherited) @executable_path/Frameworks";
				PRODUCT_BUNDLE_IDENTIFIER = com.michaelrbock.MoviesViewer;
				PRODUCT_NAME = "$(TARGET_NAME)";
			};
			name = Debug;
		};
		223535E01C65D89D0002E254 /* Release */ = {
			isa = XCBuildConfiguration;
			baseConfigurationReference = 3EBA0E6646CD5B0F3ED79C89 /* Pods-MoviesViewer.release.xcconfig */;
			buildSettings = {
				ASSETCATALOG_COMPILER_APPICON_NAME = AppIcon;
				INFOPLIST_FILE = MoviesViewer/Info.plist;
				LD_RUNPATH_SEARCH_PATHS = "$(inherited) @executable_path/Frameworks";
				PRODUCT_BUNDLE_IDENTIFIER = com.michaelrbock.MoviesViewer;
				PRODUCT_NAME = "$(TARGET_NAME)";
			};
			name = Release;
		};
/* End XCBuildConfiguration section */

/* Begin XCConfigurationList section */
		223535C71C65D89D0002E254 /* Build configuration list for PBXProject "MoviesViewer" */ = {
			isa = XCConfigurationList;
			buildConfigurations = (
				223535DC1C65D89D0002E254 /* Debug */,
				223535DD1C65D89D0002E254 /* Release */,
			);
			defaultConfigurationIsVisible = 0;
			defaultConfigurationName = Release;
		};
		223535DE1C65D89D0002E254 /* Build configuration list for PBXNativeTarget "MoviesViewer" */ = {
			isa = XCConfigurationList;
			buildConfigurations = (
				223535DF1C65D89D0002E254 /* Debug */,
				223535E01C65D89D0002E254 /* Release */,
			);
			defaultConfigurationIsVisible = 0;
			defaultConfigurationName = Release;
		};
/* End XCConfigurationList section */
	};
	rootObject = 223535C41C65D89D0002E254 /* Project object */;
}
